// !$*UTF8*$!
{
	archiveVersion = 1;
	classes = {
	};
	objectVersion = 56;
	objects = {

/* Begin PBXBuildFile section */
		D563200729822DAF00BE53A6 /* NavApp.swift in Sources */ = {isa = PBXBuildFile; fileRef = D563200629822DAF00BE53A6 /* NavApp.swift */; };
		D563200929822DAF00BE53A6 /* ContentView.swift in Sources */ = {isa = PBXBuildFile; fileRef = D563200829822DAF00BE53A6 /* ContentView.swift */; };
		D563200B29822DB100BE53A6 /* Assets.xcassets in Resources */ = {isa = PBXBuildFile; fileRef = D563200A29822DB100BE53A6 /* Assets.xcassets */; };
		D563200E29822DB100BE53A6 /* Preview Assets.xcassets in Resources */ = {isa = PBXBuildFile; fileRef = D563200D29822DB100BE53A6 /* Preview Assets.xcassets */; };
		D563201829822DB200BE53A6 /* NavTests.swift in Sources */ = {isa = PBXBuildFile; fileRef = D563201729822DB200BE53A6 /* NavTests.swift */; };
		D563202229822DB200BE53A6 /* NavUITests.swift in Sources */ = {isa = PBXBuildFile; fileRef = D563202129822DB200BE53A6 /* NavUITests.swift */; };
		D563202429822DB200BE53A6 /* NavUITestsLaunchTests.swift in Sources */ = {isa = PBXBuildFile; fileRef = D563202329822DB200BE53A6 /* NavUITestsLaunchTests.swift */; };
		D563203129822F5800BE53A6 /* DestinationView.swift in Sources */ = {isa = PBXBuildFile; fileRef = D563203029822F5700BE53A6 /* DestinationView.swift */; };
/* End PBXBuildFile section */

/* Begin PBXContainerItemProxy section */
		D563201429822DB200BE53A6 /* PBXContainerItemProxy */ = {
			isa = PBXContainerItemProxy;
			containerPortal = D5631FFB29822DAF00BE53A6 /* Project object */;
			proxyType = 1;
			remoteGlobalIDString = D563200229822DAF00BE53A6;
			remoteInfo = Nav;
		};
		D563201E29822DB200BE53A6 /* PBXContainerItemProxy */ = {
			isa = PBXContainerItemProxy;
			containerPortal = D5631FFB29822DAF00BE53A6 /* Project object */;
			proxyType = 1;
			remoteGlobalIDString = D563200229822DAF00BE53A6;
			remoteInfo = Nav;
		};
/* End PBXContainerItemProxy section */

/* Begin PBXFileReference section */
		D563200329822DAF00BE53A6 /* Nav.app */ = {isa = PBXFileReference; explicitFileType = wrapper.application; includeInIndex = 0; path = Nav.app; sourceTree = BUILT_PRODUCTS_DIR; };
		D563200629822DAF00BE53A6 /* NavApp.swift */ = {isa = PBXFileReference; lastKnownFileType = sourcecode.swift; path = NavApp.swift; sourceTree = "<group>"; };
		D563200829822DAF00BE53A6 /* ContentView.swift */ = {isa = PBXFileReference; lastKnownFileType = sourcecode.swift; path = ContentView.swift; sourceTree = "<group>"; };
		D563200A29822DB100BE53A6 /* Assets.xcassets */ = {isa = PBXFileReference; lastKnownFileType = folder.assetcatalog; path = Assets.xcassets; sourceTree = "<group>"; };
		D563200D29822DB100BE53A6 /* Preview Assets.xcassets */ = {isa = PBXFileReference; lastKnownFileType = folder.assetcatalog; path = "Preview Assets.xcassets"; sourceTree = "<group>"; };
		D563201329822DB200BE53A6 /* NavTests.xctest */ = {isa = PBXFileReference; explicitFileType = wrapper.cfbundle; includeInIndex = 0; path = NavTests.xctest; sourceTree = BUILT_PRODUCTS_DIR; };
		D563201729822DB200BE53A6 /* NavTests.swift */ = {isa = PBXFileReference; lastKnownFileType = sourcecode.swift; path = NavTests.swift; sourceTree = "<group>"; };
		D563201D29822DB200BE53A6 /* NavUITests.xctest */ = {isa = PBXFileReference; explicitFileType = wrapper.cfbundle; includeInIndex = 0; path = NavUITests.xctest; sourceTree = BUILT_PRODUCTS_DIR; };
		D563202129822DB200BE53A6 /* NavUITests.swift */ = {isa = PBXFileReference; lastKnownFileType = sourcecode.swift; path = NavUITests.swift; sourceTree = "<group>"; };
		D563202329822DB200BE53A6 /* NavUITestsLaunchTests.swift */ = {isa = PBXFileReference; lastKnownFileType = sourcecode.swift; path = NavUITestsLaunchTests.swift; sourceTree = "<group>"; };
		D563203029822F5700BE53A6 /* DestinationView.swift */ = {isa = PBXFileReference; lastKnownFileType = sourcecode.swift; path = DestinationView.swift; sourceTree = "<group>"; };
/* End PBXFileReference section */

/* Begin PBXFrameworksBuildPhase section */
		D563200029822DAF00BE53A6 /* Frameworks */ = {
			isa = PBXFrameworksBuildPhase;
			buildActionMask = 2147483647;
			files = (
			);
			runOnlyForDeploymentPostprocessing = 0;
		};
		D563201029822DB200BE53A6 /* Frameworks */ = {
			isa = PBXFrameworksBuildPhase;
			buildActionMask = 2147483647;
			files = (
			);
			runOnlyForDeploymentPostprocessing = 0;
		};
		D563201A29822DB200BE53A6 /* Frameworks */ = {
			isa = PBXFrameworksBuildPhase;
			buildActionMask = 2147483647;
			files = (
			);
			runOnlyForDeploymentPostprocessing = 0;
		};
/* End PBXFrameworksBuildPhase section */

/* Begin PBXGroup section */
		D5631FFA29822DAF00BE53A6 = {
			isa = PBXGroup;
			children = (
				D563200529822DAF00BE53A6 /* Nav */,
				D563201629822DB200BE53A6 /* NavTests */,
				D563202029822DB200BE53A6 /* NavUITests */,
				D563200429822DAF00BE53A6 /* Products */,
			);
			sourceTree = "<group>";
		};
		D563200429822DAF00BE53A6 /* Products */ = {
			isa = PBXGroup;
			children = (
				D563200329822DAF00BE53A6 /* Nav.app */,
				D563201329822DB200BE53A6 /* NavTests.xctest */,
				D563201D29822DB200BE53A6 /* NavUITests.xctest */,
			);
			name = Products;
			sourceTree = "<group>";
		};
		D563200529822DAF00BE53A6 /* Nav */ = {
			isa = PBXGroup;
			children = (
				D563200629822DAF00BE53A6 /* NavApp.swift */,
				D563200829822DAF00BE53A6 /* ContentView.swift */,
				D563203029822F5700BE53A6 /* DestinationView.swift */,
				D563200A29822DB100BE53A6 /* Assets.xcassets */,
				D563200C29822DB100BE53A6 /* Preview Content */,
			);
			path = Nav;
			sourceTree = "<group>";
		};
		D563200C29822DB100BE53A6 /* Preview Content */ = {
			isa = PBXGroup;
			children = (
				D563200D29822DB100BE53A6 /* Preview Assets.xcassets */,
			);
			path = "Preview Content";
			sourceTree = "<group>";
		};
		D563201629822DB200BE53A6 /* NavTests */ = {
			isa = PBXGroup;
			children = (
				D563201729822DB200BE53A6 /* NavTests.swift */,
			);
			path = NavTests;
			sourceTree = "<group>";
		};
		D563202029822DB200BE53A6 /* NavUITests */ = {
			isa = PBXGroup;
			children = (
				D563202129822DB200BE53A6 /* NavUITests.swift */,
				D563202329822DB200BE53A6 /* NavUITestsLaunchTests.swift */,
			);
			path = NavUITests;
			sourceTree = "<group>";
		};
/* End PBXGroup section */

/* Begin PBXNativeTarget section */
		D563200229822DAF00BE53A6 /* Nav */ = {
			isa = PBXNativeTarget;
			buildConfigurationList = D563202729822DB200BE53A6 /* Build configuration list for PBXNativeTarget "Nav" */;
			buildPhases = (
				D5631FFF29822DAF00BE53A6 /* Sources */,
				D563200029822DAF00BE53A6 /* Frameworks */,
				D563200129822DAF00BE53A6 /* Resources */,
			);
			buildRules = (
			);
			dependencies = (
			);
			name = Nav;
			productName = Nav;
			productReference = D563200329822DAF00BE53A6 /* Nav.app */;
			productType = "com.apple.product-type.application";
		};
		D563201229822DB200BE53A6 /* NavTests */ = {
			isa = PBXNativeTarget;
			buildConfigurationList = D563202A29822DB200BE53A6 /* Build configuration list for PBXNativeTarget "NavTests" */;
			buildPhases = (
				D563200F29822DB200BE53A6 /* Sources */,
				D563201029822DB200BE53A6 /* Frameworks */,
				D563201129822DB200BE53A6 /* Resources */,
			);
			buildRules = (
			);
			dependencies = (
				D563201529822DB200BE53A6 /* PBXTargetDependency */,
			);
			name = NavTests;
			productName = NavTests;
			productReference = D563201329822DB200BE53A6 /* NavTests.xctest */;
			productType = "com.apple.product-type.bundle.unit-test";
		};
		D563201C29822DB200BE53A6 /* NavUITests */ = {
			isa = PBXNativeTarget;
			buildConfigurationList = D563202D29822DB200BE53A6 /* Build configuration list for PBXNativeTarget "NavUITests" */;
			buildPhases = (
				D563201929822DB200BE53A6 /* Sources */,
				D563201A29822DB200BE53A6 /* Frameworks */,
				D563201B29822DB200BE53A6 /* Resources */,
			);
			buildRules = (
			);
			dependencies = (
				D563201F29822DB200BE53A6 /* PBXTargetDependency */,
			);
			name = NavUITests;
			productName = NavUITests;
			productReference = D563201D29822DB200BE53A6 /* NavUITests.xctest */;
			productType = "com.apple.product-type.bundle.ui-testing";
		};
/* End PBXNativeTarget section */

/* Begin PBXProject section */
		D5631FFB29822DAF00BE53A6 /* Project object */ = {
			isa = PBXProject;
			attributes = {
				BuildIndependentTargetsInParallel = 1;
				LastSwiftUpdateCheck = 1410;
				LastUpgradeCheck = 1410;
				TargetAttributes = {
					D563200229822DAF00BE53A6 = {
						CreatedOnToolsVersion = 14.1;
					};
					D563201229822DB200BE53A6 = {
						CreatedOnToolsVersion = 14.1;
						TestTargetID = D563200229822DAF00BE53A6;
					};
					D563201C29822DB200BE53A6 = {
						CreatedOnToolsVersion = 14.1;
						TestTargetID = D563200229822DAF00BE53A6;
					};
				};
			};
			buildConfigurationList = D5631FFE29822DAF00BE53A6 /* Build configuration list for PBXProject "Nav" */;
			compatibilityVersion = "Xcode 14.0";
			developmentRegion = en;
			hasScannedForEncodings = 0;
			knownRegions = (
				en,
				Base,
			);
			mainGroup = D5631FFA29822DAF00BE53A6;
			productRefGroup = D563200429822DAF00BE53A6 /* Products */;
			projectDirPath = "";
			projectRoot = "";
			targets = (
				D563200229822DAF00BE53A6 /* Nav */,
				D563201229822DB200BE53A6 /* NavTests */,
				D563201C29822DB200BE53A6 /* NavUITests */,
			);
		};
/* End PBXProject section */

/* Begin PBXResourcesBuildPhase section */
		D563200129822DAF00BE53A6 /* Resources */ = {
			isa = PBXResourcesBuildPhase;
			buildActionMask = 2147483647;
			files = (
				D563200E29822DB100BE53A6 /* Preview Assets.xcassets in Resources */,
				D563200B29822DB100BE53A6 /* Assets.xcassets in Resources */,
			);
			runOnlyForDeploymentPostprocessing = 0;
		};
		D563201129822DB200BE53A6 /* Resources */ = {
			isa = PBXResourcesBuildPhase;
			buildActionMask = 2147483647;
			files = (
			);
			runOnlyForDeploymentPostprocessing = 0;
		};
		D563201B29822DB200BE53A6 /* Resources */ = {
			isa = PBXResourcesBuildPhase;
			buildActionMask = 2147483647;
			files = (
			);
			runOnlyForDeploymentPostprocessing = 0;
		};
/* End PBXResourcesBuildPhase section */

/* Begin PBXSourcesBuildPhase section */
		D5631FFF29822DAF00BE53A6 /* Sources */ = {
			isa = PBXSourcesBuildPhase;
			buildActionMask = 2147483647;
			files = (
				D563203129822F5800BE53A6 /* DestinationView.swift in Sources */,
				D563200929822DAF00BE53A6 /* ContentView.swift in Sources */,
				D563200729822DAF00BE53A6 /* NavApp.swift in Sources */,
			);
			runOnlyForDeploymentPostprocessing = 0;
		};
		D563200F29822DB200BE53A6 /* Sources */ = {
			isa = PBXSourcesBuildPhase;
			buildActionMask = 2147483647;
			files = (
				D563201829822DB200BE53A6 /* NavTests.swift in Sources */,
			);
			runOnlyForDeploymentPostprocessing = 0;
		};
		D563201929822DB200BE53A6 /* Sources */ = {
			isa = PBXSourcesBuildPhase;
			buildActionMask = 2147483647;
			files = (
				D563202429822DB200BE53A6 /* NavUITestsLaunchTests.swift in Sources */,
				D563202229822DB200BE53A6 /* NavUITests.swift in Sources */,
			);
			runOnlyForDeploymentPostprocessing = 0;
		};
/* End PBXSourcesBuildPhase section */

/* Begin PBXTargetDependency section */
		D563201529822DB200BE53A6 /* PBXTargetDependency */ = {
			isa = PBXTargetDependency;
			target = D563200229822DAF00BE53A6 /* Nav */;
			targetProxy = D563201429822DB200BE53A6 /* PBXContainerItemProxy */;
		};
		D563201F29822DB200BE53A6 /* PBXTargetDependency */ = {
			isa = PBXTargetDependency;
			target = D563200229822DAF00BE53A6 /* Nav */;
			targetProxy = D563201E29822DB200BE53A6 /* PBXContainerItemProxy */;
		};
/* End PBXTargetDependency section */

/* Begin XCBuildConfiguration section */
		D563202529822DB200BE53A6 /* Debug */ = {
			isa = XCBuildConfiguration;
			buildSettings = {
				ALWAYS_SEARCH_USER_PATHS = NO;
				CLANG_ANALYZER_NONNULL = YES;
				CLANG_ANALYZER_NUMBER_OBJECT_CONVERSION = YES_AGGRESSIVE;
				CLANG_CXX_LANGUAGE_STANDARD = "gnu++20";
				CLANG_ENABLE_MODULES = YES;
				CLANG_ENABLE_OBJC_ARC = YES;
				CLANG_ENABLE_OBJC_WEAK = YES;
				CLANG_WARN_BLOCK_CAPTURE_AUTORELEASING = YES;
				CLANG_WARN_BOOL_CONVERSION = YES;
				CLANG_WARN_COMMA = YES;
				CLANG_WARN_CONSTANT_CONVERSION = YES;
				CLANG_WARN_DEPRECATED_OBJC_IMPLEMENTATIONS = YES;
				CLANG_WARN_DIRECT_OBJC_ISA_USAGE = YES_ERROR;
				CLANG_WARN_DOCUMENTATION_COMMENTS = YES;
				CLANG_WARN_EMPTY_BODY = YES;
				CLANG_WARN_ENUM_CONVERSION = YES;
				CLANG_WARN_INFINITE_RECURSION = YES;
				CLANG_WARN_INT_CONVERSION = YES;
				CLANG_WARN_NON_LITERAL_NULL_CONVERSION = YES;
				CLANG_WARN_OBJC_IMPLICIT_RETAIN_SELF = YES;
				CLANG_WARN_OBJC_LITERAL_CONVERSION = YES;
				CLANG_WARN_OBJC_ROOT_CLASS = YES_ERROR;
				CLANG_WARN_QUOTED_INCLUDE_IN_FRAMEWORK_HEADER = YES;
				CLANG_WARN_RANGE_LOOP_ANALYSIS = YES;
				CLANG_WARN_STRICT_PROTOTYPES = YES;
				CLANG_WARN_SUSPICIOUS_MOVE = YES;
				CLANG_WARN_UNGUARDED_AVAILABILITY = YES_AGGRESSIVE;
				CLANG_WARN_UNREACHABLE_CODE = YES;
				CLANG_WARN__DUPLICATE_METHOD_MATCH = YES;
				COPY_PHASE_STRIP = NO;
				DEBUG_INFORMATION_FORMAT = dwarf;
				ENABLE_STRICT_OBJC_MSGSEND = YES;
				ENABLE_TESTABILITY = YES;
				GCC_C_LANGUAGE_STANDARD = gnu11;
				GCC_DYNAMIC_NO_PIC = NO;
				GCC_NO_COMMON_BLOCKS = YES;
				GCC_OPTIMIZATION_LEVEL = 0;
				GCC_PREPROCESSOR_DEFINITIONS = (
					"DEBUG=1",
					"$(inherited)",
				);
				GCC_WARN_64_TO_32_BIT_CONVERSION = YES;
				GCC_WARN_ABOUT_RETURN_TYPE = YES_ERROR;
				GCC_WARN_UNDECLARED_SELECTOR = YES;
				GCC_WARN_UNINITIALIZED_AUTOS = YES_AGGRESSIVE;
				GCC_WARN_UNUSED_FUNCTION = YES;
				GCC_WARN_UNUSED_VARIABLE = YES;
				IPHONEOS_DEPLOYMENT_TARGET = 16.1;
				MTL_ENABLE_DEBUG_INFO = INCLUDE_SOURCE;
				MTL_FAST_MATH = YES;
				ONLY_ACTIVE_ARCH = YES;
				SDKROOT = iphoneos;
				SWIFT_ACTIVE_COMPILATION_CONDITIONS = DEBUG;
				SWIFT_OPTIMIZATION_LEVEL = "-Onone";
			};
			name = Debug;
		};
		D563202629822DB200BE53A6 /* Release */ = {
			isa = XCBuildConfiguration;
			buildSettings = {
				ALWAYS_SEARCH_USER_PATHS = NO;
				CLANG_ANALYZER_NONNULL = YES;
				CLANG_ANALYZER_NUMBER_OBJECT_CONVERSION = YES_AGGRESSIVE;
				CLANG_CXX_LANGUAGE_STANDARD = "gnu++20";
				CLANG_ENABLE_MODULES = YES;
				CLANG_ENABLE_OBJC_ARC = YES;
				CLANG_ENABLE_OBJC_WEAK = YES;
				CLANG_WARN_BLOCK_CAPTURE_AUTORELEASING = YES;
				CLANG_WARN_BOOL_CONVERSION = YES;
				CLANG_WARN_COMMA = YES;
				CLANG_WARN_CONSTANT_CONVERSION = YES;
				CLANG_WARN_DEPRECATED_OBJC_IMPLEMENTATIONS = YES;
				CLANG_WARN_DIRECT_OBJC_ISA_USAGE = YES_ERROR;
				CLANG_WARN_DOCUMENTATION_COMMENTS = YES;
				CLANG_WARN_EMPTY_BODY = YES;
				CLANG_WARN_ENUM_CONVERSION = YES;
				CLANG_WARN_INFINITE_RECURSION = YES;
				CLANG_WARN_INT_CONVERSION = YES;
				CLANG_WARN_NON_LITERAL_NULL_CONVERSION = YES;
				CLANG_WARN_OBJC_IMPLICIT_RETAIN_SELF = YES;
				CLANG_WARN_OBJC_LITERAL_CONVERSION = YES;
				CLANG_WARN_OBJC_ROOT_CLASS = YES_ERROR;
				CLANG_WARN_QUOTED_INCLUDE_IN_FRAMEWORK_HEADER = YES;
				CLANG_WARN_RANGE_LOOP_ANALYSIS = YES;
				CLANG_WARN_STRICT_PROTOTYPES = YES;
				CLANG_WARN_SUSPICIOUS_MOVE = YES;
				CLANG_WARN_UNGUARDED_AVAILABILITY = YES_AGGRESSIVE;
				CLANG_WARN_UNREACHABLE_CODE = YES;
				CLANG_WARN__DUPLICATE_METHOD_MATCH = YES;
				COPY_PHASE_STRIP = NO;
				DEBUG_INFORMATION_FORMAT = "dwarf-with-dsym";
				ENABLE_NS_ASSERTIONS = NO;
				ENABLE_STRICT_OBJC_MSGSEND = YES;
				GCC_C_LANGUAGE_STANDARD = gnu11;
				GCC_NO_COMMON_BLOCKS = YES;
				GCC_WARN_64_TO_32_BIT_CONVERSION = YES;
				GCC_WARN_ABOUT_RETURN_TYPE = YES_ERROR;
				GCC_WARN_UNDECLARED_SELECTOR = YES;
				GCC_WARN_UNINITIALIZED_AUTOS = YES_AGGRESSIVE;
				GCC_WARN_UNUSED_FUNCTION = YES;
				GCC_WARN_UNUSED_VARIABLE = YES;
				IPHONEOS_DEPLOYMENT_TARGET = 16.1;
				MTL_ENABLE_DEBUG_INFO = NO;
				MTL_FAST_MATH = YES;
				SDKROOT = iphoneos;
				SWIFT_COMPILATION_MODE = wholemodule;
				SWIFT_OPTIMIZATION_LEVEL = "-O";
				VALIDATE_PRODUCT = YES;
			};
			name = Release;
		};
		D563202829822DB200BE53A6 /* Debug */ = {
			isa = XCBuildConfiguration;
			buildSettings = {
				ASSETCATALOG_COMPILER_APPICON_NAME = AppIcon;
				ASSETCATALOG_COMPILER_GLOBAL_ACCENT_COLOR_NAME = AccentColor;
				CODE_SIGN_STYLE = Automatic;
				CURRENT_PROJECT_VERSION = 1;
				DEVELOPMENT_ASSET_PATHS = "\"Nav/Preview Content\"";
				ENABLE_PREVIEWS = YES;
				GENERATE_INFOPLIST_FILE = YES;
				INFOPLIST_KEY_UIApplicationSceneManifest_Generation = YES;
				INFOPLIST_KEY_UIApplicationSupportsIndirectInputEvents = YES;
				INFOPLIST_KEY_UILaunchScreen_Generation = YES;
				INFOPLIST_KEY_UISupportedInterfaceOrientations_iPad = "UIInterfaceOrientationPortrait UIInterfaceOrientationPortraitUpsideDown UIInterfaceOrientationLandscapeLeft UIInterfaceOrientationLandscapeRight";
				INFOPLIST_KEY_UISupportedInterfaceOrientations_iPhone = "UIInterfaceOrientationPortrait UIInterfaceOrientationLandscapeLeft UIInterfaceOrientationLandscapeRight";
				LD_RUNPATH_SEARCH_PATHS = (
					"$(inherited)",
					"@executable_path/Frameworks",
				);
				MARKETING_VERSION = 1.0;
				PRODUCT_BUNDLE_IDENTIFIER = konjotech.Nav;
				PRODUCT_NAME = "$(TARGET_NAME)";
				SWIFT_EMIT_LOC_STRINGS = YES;
				SWIFT_VERSION = 5.0;
				TARGETED_DEVICE_FAMILY = "1,2";
			};
			name = Debug;
		};
		D563202929822DB200BE53A6 /* Release */ = {
			isa = XCBuildConfiguration;
			buildSettings = {
				ASSETCATALOG_COMPILER_APPICON_NAME = AppIcon;
				ASSETCATALOG_COMPILER_GLOBAL_ACCENT_COLOR_NAME = AccentColor;
				CODE_SIGN_STYLE = Automatic;
				CURRENT_PROJECT_VERSION = 1;
				DEVELOPMENT_ASSET_PATHS = "\"Nav/Preview Content\"";
				ENABLE_PREVIEWS = YES;
				GENERATE_INFOPLIST_FILE = YES;
				INFOPLIST_KEY_UIApplicationSceneManifest_Generation = YES;
				INFOPLIST_KEY_UIApplicationSupportsIndirectInputEvents = YES;
				INFOPLIST_KEY_UILaunchScreen_Generation = YES;
				INFOPLIST_KEY_UISupportedInterfaceOrientations_iPad = "UIInterfaceOrientationPortrait UIInterfaceOrientationPortraitUpsideDown UIInterfaceOrientationLandscapeLeft UIInterfaceOrientationLandscapeRight";
				INFOPLIST_KEY_UISupportedInterfaceOrientations_iPhone = "UIInterfaceOrientationPortrait UIInterfaceOrientationLandscapeLeft UIInterfaceOrientationLandscapeRight";
				LD_RUNPATH_SEARCH_PATHS = (
					"$(inherited)",
					"@executable_path/Frameworks",
				);
				MARKETING_VERSION = 1.0;
				PRODUCT_BUNDLE_IDENTIFIER = konjotech.Nav;
				PRODUCT_NAME = "$(TARGET_NAME)";
				SWIFT_EMIT_LOC_STRINGS = YES;
				SWIFT_VERSION = 5.0;
				TARGETED_DEVICE_FAMILY = "1,2";
			};
			name = Release;
		};
		D563202B29822DB200BE53A6 /* Debug */ = {
			isa = XCBuildConfiguration;
			buildSettings = {
				ALWAYS_EMBED_SWIFT_STANDARD_LIBRARIES = YES;
				BUNDLE_LOADER = "$(TEST_HOST)";
				CODE_SIGN_STYLE = Automatic;
				CURRENT_PROJECT_VERSION = 1;
				GENERATE_INFOPLIST_FILE = YES;
				IPHONEOS_DEPLOYMENT_TARGET = 16.1;
				MARKETING_VERSION = 1.0;
				PRODUCT_BUNDLE_IDENTIFIER = konjotech.NavTests;
				PRODUCT_NAME = "$(TARGET_NAME)";
				SWIFT_EMIT_LOC_STRINGS = NO;
				SWIFT_VERSION = 5.0;
				TARGETED_DEVICE_FAMILY = "1,2";
				TEST_HOST = "$(BUILT_PRODUCTS_DIR)/Nav.app/$(BUNDLE_EXECUTABLE_FOLDER_PATH)/Nav";
			};
			name = Debug;
		};
		D563202C29822DB200BE53A6 /* Release */ = {
			isa = XCBuildConfiguration;
			buildSettings = {
				ALWAYS_EMBED_SWIFT_STANDARD_LIBRARIES = YES;
				BUNDLE_LOADER = "$(TEST_HOST)";
				CODE_SIGN_STYLE = Automatic;
				CURRENT_PROJECT_VERSION = 1;
				GENERATE_INFOPLIST_FILE = YES;
				IPHONEOS_DEPLOYMENT_TARGET = 16.1;
				MARKETING_VERSION = 1.0;
				PRODUCT_BUNDLE_IDENTIFIER = konjotech.NavTests;
				PRODUCT_NAME = "$(TARGET_NAME)";
				SWIFT_EMIT_LOC_STRINGS = NO;
				SWIFT_VERSION = 5.0;
				TARGETED_DEVICE_FAMILY = "1,2";
				TEST_HOST = "$(BUILT_PRODUCTS_DIR)/Nav.app/$(BUNDLE_EXECUTABLE_FOLDER_PATH)/Nav";
			};
			name = Release;
		};
		D563202E29822DB200BE53A6 /* Debug */ = {
			isa = XCBuildConfiguration;
			buildSettings = {
				ALWAYS_EMBED_SWIFT_STANDARD_LIBRARIES = YES;
				CODE_SIGN_STYLE = Automatic;
				CURRENT_PROJECT_VERSION = 1;
				GENERATE_INFOPLIST_FILE = YES;
				MARKETING_VERSION = 1.0;
				PRODUCT_BUNDLE_IDENTIFIER = konjotech.NavUITests;
				PRODUCT_NAME = "$(TARGET_NAME)";
				SWIFT_EMIT_LOC_STRINGS = NO;
				SWIFT_VERSION = 5.0;
				TARGETED_DEVICE_FAMILY = "1,2";
				TEST_TARGET_NAME = Nav;
			};
			name = Debug;
		};
		D563202F29822DB200BE53A6 /* Release */ = {
			isa = XCBuildConfiguration;
			buildSettings = {
				ALWAYS_EMBED_SWIFT_STANDARD_LIBRARIES = YES;
				CODE_SIGN_STYLE = Automatic;
				CURRENT_PROJECT_VERSION = 1;
				GENERATE_INFOPLIST_FILE = YES;
				MARKETING_VERSION = 1.0;
				PRODUCT_BUNDLE_IDENTIFIER = konjotech.NavUITests;
				PRODUCT_NAME = "$(TARGET_NAME)";
				SWIFT_EMIT_LOC_STRINGS = NO;
				SWIFT_VERSION = 5.0;
				TARGETED_DEVICE_FAMILY = "1,2";
				TEST_TARGET_NAME = Nav;
			};
			name = Release;
		};
/* End XCBuildConfiguration section */

/* Begin XCConfigurationList section */
		D5631FFE29822DAF00BE53A6 /* Build configuration list for PBXProject "Nav" */ = {
			isa = XCConfigurationList;
			buildConfigurations = (
				D563202529822DB200BE53A6 /* Debug */,
				D563202629822DB200BE53A6 /* Release */,
			);
			defaultConfigurationIsVisible = 0;
			defaultConfigurationName = Release;
		};
		D563202729822DB200BE53A6 /* Build configuration list for PBXNativeTarget "Nav" */ = {
			isa = XCConfigurationList;
			buildConfigurations = (
				D563202829822DB200BE53A6 /* Debug */,
				D563202929822DB200BE53A6 /* Release */,
			);
			defaultConfigurationIsVisible = 0;
			defaultConfigurationName = Release;
		};
		D563202A29822DB200BE53A6 /* Build configuration list for PBXNativeTarget "NavTests" */ = {
			isa = XCConfigurationList;
			buildConfigurations = (
				D563202B29822DB200BE53A6 /* Debug */,
				D563202C29822DB200BE53A6 /* Release */,
			);
			defaultConfigurationIsVisible = 0;
			defaultConfigurationName = Release;
		};
		D563202D29822DB200BE53A6 /* Build configuration list for PBXNativeTarget "NavUITests" */ = {
			isa = XCConfigurationList;
			buildConfigurations = (
				D563202E29822DB200BE53A6 /* Debug */,
				D563202F29822DB200BE53A6 /* Release */,
			);
			defaultConfigurationIsVisible = 0;
			defaultConfigurationName = Release;
		};
/* End XCConfigurationList section */
	};
	rootObject = D5631FFB29822DAF00BE53A6 /* Project object */;
}
